
Microsoft Visual Studio Solution File, Format Version 12.00
# Visual Studio Version 16
VisualStudioVersion = 16.0.32929.386
MinimumVisualStudioVersion = 10.0.40219.1
Project("{FAE04EC0-301F-11D3-BF4B-00C04F79EFBC}") = "Arduino_FFB_Yoke_App", "Arduino_FFB_Yoke_App\Arduino_FFB_Yoke_App.csproj", "{1B863B5E-46E3-4C05-9E05-071D3D62C188}"
EndProject
Project("{54435603-DBB4-11D2-8724-00A0C9A8B90C}") = "Arduino_FFB_Yoke_APP_Setup", "Arduino_FFB_Yoke_APP_Setup\Arduino_FFB_Yoke_APP_Setup.vdproj", "{A7C9E1A6-4EAE-4502-BB1A-DA2EE4168584}"
EndProject
Global
	GlobalSection(SolutionConfigurationPlatforms) = preSolution
		Debug|Any CPU = Debug|Any CPU
		Release|Any CPU = Release|Any CPU
	EndGlobalSection
	GlobalSection(ProjectConfigurationPlatforms) = postSolution
		{1B863B5E-46E3-4C05-9E05-071D3D62C188}.Debug|Any CPU.ActiveCfg = Debug|Any CPU
		{1B863B5E-46E3-4C05-9E05-071D3D62C188}.Debug|Any CPU.Build.0 = Debug|Any CPU
		{1B863B5E-46E3-4C05-9E05-071D3D62C188}.Release|Any CPU.ActiveCfg = Release|Any CPU
		{1B863B5E-46E3-4C05-9E05-071D3D62C188}.Release|Any CPU.Build.0 = Release|Any CPU
		{A7C9E1A6-4EAE-4502-BB1A-DA2EE4168584}.Debug|Any CPU.ActiveCfg = Debug
		{A7C9E1A6-4EAE-4502-BB1A-DA2EE4168584}.Release|Any CPU.ActiveCfg = Release
	EndGlobalSection
	GlobalSection(SolutionProperties) = preSolution
		HideSolutionNode = FALSE
	EndGlobalSection
	GlobalSection(ExtensibilityGlobals) = postSolution
		SolutionGuid = {CD2274C7-D116-4005-8DE1-7E59742C1FFA}
	EndGlobalSection
EndGlobal
